{
    "_readme": [
        "This file locks the dependencies of your project to a known state",
        "Read more about it at https://getcomposer.org/doc/01-basic-usage.md#installing-dependencies",
        "This file is @generated automatically"
    ],
    "content-hash": "46042cd85713b8eca1a84da08baae881",
    "packages": [
        {
            "name": "pagseguro/pagseguro-php-sdk",
            "version": "dev-master",
            "source": {
                "type": "git",
                "url": "https://github.com/pagseguro/pagseguro-sdk-php.git",
                "reference": "bf1c947b934134e630ee4a113d374fa6cd71cf0a"
            },
            "dist": {
                "type": "zip",
                "url": "https://api.github.com/repos/pagseguro/pagseguro-sdk-php/zipball/bf1c947b934134e630ee4a113d374fa6cd71cf0a",
                "reference": "bf1c947b934134e630ee4a113d374fa6cd71cf0a",
                "shasum": ""
            },
            "require": {
                "ext-curl": "*",
                "lib-curl": "*",
                "lib-openssl": "*",
                "php": "^7.1.3"
            },
            "require-dev": {
                "phpunit/phpunit": "^7.0"
            },
            "default-branch": true,
            "type": "library",
            "autoload": {
                "psr-4": {
                    "PagSeguro\\": "source/"
                }
            },
            "notification-url": "https://packagist.org/downloads/",
            "license": [
                "Apache-2.0"
            ],
            "authors": [
                {
                    "name": "PagSeguro"
                }
            ],
            "description": "Biblioteca de integração com o PagSeguro",
            "support": {
                "issues": "https://github.com/pagseguro/pagseguro-sdk-php/issues",
                "source": "https://github.com/pagseguro/pagseguro-sdk-php/tree/master"
            },
            "time": "2020-10-23T16:16:33+00:00"
        }
    ],
    "packages-dev": [],
    "aliases": [],
    "minimum-stability": "dev",
    "stability-flags": {
        "pagseguro/pagseguro-php-sdk": 20
    },
    "prefer-stable": false,
    "prefer-lowest": false,
    "platform": [],
    "platform-dev": [],
    "plugin-api-version": "2.0.0"
}
